
Microsoft Visual Studio Solution File, Format Version 12.00
# Visual Studio Version 17
VisualStudioVersion = 17.10.35122.118
MinimumVisualStudioVersion = 10.0.40219.1
Project("{FAE04EC0-301F-11D3-BF4B-00C04F79EFBC}") = "CubeOpenGl", "CubeOpenGl\CubeOpenGl.csproj", "{A7B39505-B26A-4222-8BA8-C73ED608393B}"
EndProject
Global
	GlobalSection(SolutionConfigurationPlatforms) = preSolution
		Debug|Any CPU = Debug|Any CPU
		Release|Any CPU = Release|Any CPU
	EndGlobalSection
	GlobalSection(ProjectConfigurationPlatforms) = postSolution
		{A7B39505-B26A-4222-8BA8-C73ED608393B}.Debug|Any CPU.ActiveCfg = Debug|Any CPU
		{A7B39505-B26A-4222-8BA8-C73ED608393B}.Debug|Any CPU.Build.0 = Debug|Any CPU
		{A7B39505-B26A-4222-8BA8-C73ED608393B}.Release|Any CPU.ActiveCfg = Release|Any CPU
		{A7B39505-B26A-4222-8BA8-C73ED608393B}.Release|Any CPU.Build.0 = Release|Any CPU
	EndGlobalSection
	GlobalSection(SolutionProperties) = preSolution
		HideSolutionNode = FALSE
	EndGlobalSection
	GlobalSection(ExtensibilityGlobals) = postSolution
		SolutionGuid = {7D95EB93-4E8E-4383-A3DE-04593381F5B6}
	EndGlobalSection
EndGlobal
